
Microsoft Visual Studio Solution File, Format Version 12.00
# Visual Studio Version 17
VisualStudioVersion = 17.9.34728.123
MinimumVisualStudioVersion = 10.0.40219.1
Project("{FAE04EC0-301F-11D3-BF4B-00C04F79EFBC}") = "La Panneteria", "La Panneteria\La Panneteria.csproj", "{BD69C991-A67E-4628-B2D6-7D479AE02EEE}"
EndProject
Global
	GlobalSection(SolutionConfigurationPlatforms) = preSolution
		Debug|Any CPU = Debug|Any CPU
		Release|Any CPU = Release|Any CPU
	EndGlobalSection
	GlobalSection(ProjectConfigurationPlatforms) = postSolution
		{BD69C991-A67E-4628-B2D6-7D479AE02EEE}.Debug|Any CPU.ActiveCfg = Debug|Any CPU
		{BD69C991-A67E-4628-B2D6-7D479AE02EEE}.Debug|Any CPU.Build.0 = Debug|Any CPU
		{BD69C991-A67E-4628-B2D6-7D479AE02EEE}.Release|Any CPU.ActiveCfg = Release|Any CPU
		{BD69C991-A67E-4628-B2D6-7D479AE02EEE}.Release|Any CPU.Build.0 = Release|Any CPU
	EndGlobalSection
	GlobalSection(SolutionProperties) = preSolution
		HideSolutionNode = FALSE
	EndGlobalSection
	GlobalSection(ExtensibilityGlobals) = postSolution
		SolutionGuid = {FB5A30F2-21CA-43F6-A0BF-91F7E4A81322}
	EndGlobalSection
EndGlobal
